
Microsoft Visual Studio Solution File, Format Version 12.00
# Visual Studio Version 17
VisualStudioVersion = 17.14.37531.7 d17.14
MinimumVisualStudioVersion = 10.0.40219.1
Project("{FAE04EC0-301F-11D3-BF4B-00C04F79EFBC}") = "Ejecuciòn_prototipoumg2k26", "Ejecuciòn_prototipoumg2k26\Ejecuciòn_prototipoumg2k26.csproj", "{55A420DE-64A6-4763-A2BE-E689D7CF528B}"
EndProject
Global
	GlobalSection(SolutionConfigurationPlatforms) = preSolution
		Debug|Any CPU = Debug|Any CPU
		Release|Any CPU = Release|Any CPU
	EndGlobalSection
	GlobalSection(ProjectConfigurationPlatforms) = postSolution
		{55A420DE-64A6-4763-A2BE-E689D7CF528B}.Debug|Any CPU.ActiveCfg = Debug|Any CPU
		{55A420DE-64A6-4763-A2BE-E689D7CF528B}.Debug|Any CPU.Build.0 = Debug|Any CPU
		{55A420DE-64A6-4763-A2BE-E689D7CF528B}.Release|Any CPU.ActiveCfg = Release|Any CPU
		{55A420DE-64A6-4763-A2BE-E689D7CF528B}.Release|Any CPU.Build.0 = Release|Any CPU
	EndGlobalSection
	GlobalSection(SolutionProperties) = preSolution
		HideSolutionNode = FALSE
	EndGlobalSection
	GlobalSection(ExtensibilityGlobals) = postSolution
		SolutionGuid = {437B90BB-E7C3-4FF5-ACEC-9938BD26BB6C}
	EndGlobalSection
EndGlobal
